
Microsoft Visual Studio Solution File, Format Version 12.00
# Visual Studio 15
VisualStudioVersion = 15.0.28307.329
MinimumVisualStudioVersion = 10.0.40219.1
Project("{FAE04EC0-301F-11D3-BF4B-00C04F79EFBC}") = "laby", "laby\laby.csproj", "{084AF4F1-6B7C-404E-8F67-DEF527AF5E4A}"
EndProject
Global
	GlobalSection(SolutionConfigurationPlatforms) = preSolution
		Debug|Any CPU = Debug|Any CPU
		Release|Any CPU = Release|Any CPU
	EndGlobalSection
	GlobalSection(ProjectConfigurationPlatforms) = postSolution
		{084AF4F1-6B7C-404E-8F67-DEF527AF5E4A}.Debug|Any CPU.ActiveCfg = Debug|Any CPU
		{084AF4F1-6B7C-404E-8F67-DEF527AF5E4A}.Debug|Any CPU.Build.0 = Debug|Any CPU
		{084AF4F1-6B7C-404E-8F67-DEF527AF5E4A}.Release|Any CPU.ActiveCfg = Release|Any CPU
		{084AF4F1-6B7C-404E-8F67-DEF527AF5E4A}.Release|Any CPU.Build.0 = Release|Any CPU
	EndGlobalSection
	GlobalSection(SolutionProperties) = preSolution
		HideSolutionNode = FALSE
	EndGlobalSection
	GlobalSection(ExtensibilityGlobals) = postSolution
		SolutionGuid = {3E784E97-FDCD-425E-B971-A017D23F4E44}
	EndGlobalSection
EndGlobal
